
Microsoft Visual Studio Solution File, Format Version 12.00
# Visual Studio Version 16
VisualStudioVersion = 16.0.29424.173
MinimumVisualStudioVersion = 10.0.40219.1
Project("{FAE04EC0-301F-11D3-BF4B-00C04F79EFBC}") = "Frogger", "Frogger\Frogger.csproj", "{493B86E0-B29A-487D-912F-2B1E50125544}"
EndProject
Global
	GlobalSection(SolutionConfigurationPlatforms) = preSolution
		Debug|Any CPU = Debug|Any CPU
		Release|Any CPU = Release|Any CPU
	EndGlobalSection
	GlobalSection(ProjectConfigurationPlatforms) = postSolution
		{493B86E0-B29A-487D-912F-2B1E50125544}.Debug|Any CPU.ActiveCfg = Debug|Any CPU
		{493B86E0-B29A-487D-912F-2B1E50125544}.Debug|Any CPU.Build.0 = Debug|Any CPU
		{493B86E0-B29A-487D-912F-2B1E50125544}.Release|Any CPU.ActiveCfg = Release|Any CPU
		{493B86E0-B29A-487D-912F-2B1E50125544}.Release|Any CPU.Build.0 = Release|Any CPU
	EndGlobalSection
	GlobalSection(SolutionProperties) = preSolution
		HideSolutionNode = FALSE
	EndGlobalSection
	GlobalSection(ExtensibilityGlobals) = postSolution
		SolutionGuid = {AC341F17-4683-4B11-9B16-C41B4D670432}
	EndGlobalSection
EndGlobal
